
Microsoft Visual Studio Solution File, Format Version 12.00
# Visual Studio Version 17
VisualStudioVersion = 17.7.34202.233
MinimumVisualStudioVersion = 10.0.40219.1
Project("{FAE04EC0-301F-11D3-BF4B-00C04F79EFBC}") = "WPF_MenuItems", "WPF_MenuItems\WPF_MenuItems.csproj", "{FAC17958-4D8E-46C1-B7C0-49E9EF68554D}"
EndProject
Global
	GlobalSection(SolutionConfigurationPlatforms) = preSolution
		Debug|Any CPU = Debug|Any CPU
		Release|Any CPU = Release|Any CPU
	EndGlobalSection
	GlobalSection(ProjectConfigurationPlatforms) = postSolution
		{FAC17958-4D8E-46C1-B7C0-49E9EF68554D}.Debug|Any CPU.ActiveCfg = Debug|Any CPU
		{FAC17958-4D8E-46C1-B7C0-49E9EF68554D}.Debug|Any CPU.Build.0 = Debug|Any CPU
		{FAC17958-4D8E-46C1-B7C0-49E9EF68554D}.Release|Any CPU.ActiveCfg = Release|Any CPU
		{FAC17958-4D8E-46C1-B7C0-49E9EF68554D}.Release|Any CPU.Build.0 = Release|Any CPU
	EndGlobalSection
	GlobalSection(SolutionProperties) = preSolution
		HideSolutionNode = FALSE
	EndGlobalSection
	GlobalSection(ExtensibilityGlobals) = postSolution
		SolutionGuid = {46608B74-FD57-4F8C-96FB-04B4A53DF2C2}
	EndGlobalSection
EndGlobal
